
Microsoft Visual Studio Solution File, Format Version 12.00
# Visual Studio Version 17
VisualStudioVersion = 17.1.32210.238
MinimumVisualStudioVersion = 10.0.40219.1
Project("{FAE04EC0-301F-11D3-BF4B-00C04F79EFBC}") = "FirstAssignment", "FirstAssignment\FirstAssignment.csproj", "{B63D36BF-DE62-4722-8322-E4B1030FEBCD}"
EndProject
Global
	GlobalSection(SolutionConfigurationPlatforms) = preSolution
		Debug|Any CPU = Debug|Any CPU
		Release|Any CPU = Release|Any CPU
	EndGlobalSection
	GlobalSection(ProjectConfigurationPlatforms) = postSolution
		{B63D36BF-DE62-4722-8322-E4B1030FEBCD}.Debug|Any CPU.ActiveCfg = Debug|Any CPU
		{B63D36BF-DE62-4722-8322-E4B1030FEBCD}.Debug|Any CPU.Build.0 = Debug|Any CPU
		{B63D36BF-DE62-4722-8322-E4B1030FEBCD}.Release|Any CPU.ActiveCfg = Release|Any CPU
		{B63D36BF-DE62-4722-8322-E4B1030FEBCD}.Release|Any CPU.Build.0 = Release|Any CPU
	EndGlobalSection
	GlobalSection(SolutionProperties) = preSolution
		HideSolutionNode = FALSE
	EndGlobalSection
	GlobalSection(ExtensibilityGlobals) = postSolution
		SolutionGuid = {EE142EC6-55E1-4391-B237-BDD482C75EC5}
	EndGlobalSection
EndGlobal
